
Microsoft Visual Studio Solution File, Format Version 12.00
# Visual Studio Version 16
VisualStudioVersion = 16.0.30204.135
MinimumVisualStudioVersion = 10.0.40219.1
Project("{FAE04EC0-301F-11D3-BF4B-00C04F79EFBC}") = "SignalR", "SignalR\SignalR.csproj", "{2F85B666-4870-442E-97BD-2734AA3241A8}"
EndProject
Global
	GlobalSection(SolutionConfigurationPlatforms) = preSolution
		Debug|Any CPU = Debug|Any CPU
		Release|Any CPU = Release|Any CPU
	EndGlobalSection
	GlobalSection(ProjectConfigurationPlatforms) = postSolution
		{2F85B666-4870-442E-97BD-2734AA3241A8}.Debug|Any CPU.ActiveCfg = Debug|Any CPU
		{2F85B666-4870-442E-97BD-2734AA3241A8}.Debug|Any CPU.Build.0 = Debug|Any CPU
		{2F85B666-4870-442E-97BD-2734AA3241A8}.Release|Any CPU.ActiveCfg = Release|Any CPU
		{2F85B666-4870-442E-97BD-2734AA3241A8}.Release|Any CPU.Build.0 = Release|Any CPU
	EndGlobalSection
	GlobalSection(SolutionProperties) = preSolution
		HideSolutionNode = FALSE
	EndGlobalSection
	GlobalSection(ExtensibilityGlobals) = postSolution
		SolutionGuid = {ABBC6E53-7C8C-494A-A57B-39BE76C02863}
	EndGlobalSection
EndGlobal
